{
  "requires": true,
  "lockfileVersion": 1,
  "dependencies": {
    "jquery": {
      "version": "3.4.1",
      "resolved": "https://registry.npmjs.org/jquery/-/jquery-3.4.1.tgz",
      "integrity": "sha512-36+AdBzCL+y6qjw5Tx7HgzeGCzC81MDDgaUP8ld2zhx58HdqXGoBd+tHdrBMiyjGQs0Hxs/MLZTu/eHNJJuWPw=="
    },
    "pro-presbyetr": {
      "version": "1.0.0",
      "resolved": "https://registry.npmjs.org/pro-presbyetr/-/pro-presbyetr-1.0.0.tgz",
      "integrity": "sha512-FAgRF/vaRdlscwN6PHSJ1M/HA2YdTB/FPvuXb8Ji6YXqz7+mKOS0jARWSb57sJ+naDtkzRhMcrGAo8B3uNQYNg==",
      "requires": {
        "jquery": "^3.4.1"
      }
    }
  }
}
